
Microsoft Visual Studio Solution File, Format Version 12.00
# Visual Studio Version 17
VisualStudioVersion = 17.5.002.0
MinimumVisualStudioVersion = 10.0.40219.1
Project("{9A19103F-16F7-4668-BE54-9A1E7A4F7556}") = "mis-221-lab-3-2nd-link-jdleigeber", "mis-221-lab-3-2nd-link-jdleigeber.csproj", "{F3AB3AE2-9157-4BF1-A5B1-2CF56F69506A}"
EndProject
Global
	GlobalSection(SolutionConfigurationPlatforms) = preSolution
		Debug|Any CPU = Debug|Any CPU
		Release|Any CPU = Release|Any CPU
	EndGlobalSection
	GlobalSection(ProjectConfigurationPlatforms) = postSolution
		{F3AB3AE2-9157-4BF1-A5B1-2CF56F69506A}.Debug|Any CPU.ActiveCfg = Debug|Any CPU
		{F3AB3AE2-9157-4BF1-A5B1-2CF56F69506A}.Debug|Any CPU.Build.0 = Debug|Any CPU
		{F3AB3AE2-9157-4BF1-A5B1-2CF56F69506A}.Release|Any CPU.ActiveCfg = Release|Any CPU
		{F3AB3AE2-9157-4BF1-A5B1-2CF56F69506A}.Release|Any CPU.Build.0 = Release|Any CPU
	EndGlobalSection
	GlobalSection(SolutionProperties) = preSolution
		HideSolutionNode = FALSE
	EndGlobalSection
	GlobalSection(ExtensibilityGlobals) = postSolution
		SolutionGuid = {FB3B6C02-3E29-483A-921D-9A7C7B22F520}
	EndGlobalSection
EndGlobal
